<?xml version="1.0" encoding="utf-8"?>
<Project ToolsVersion="4.0" xmlns="http://schemas.microsoft.com/developer/msbuild/2003">
  <ItemGroup>
    <Filter Include="Source Files">
      <UniqueIdentifier>{4FC737F1-C7A5-4376-A066-2A32D752A2FF}</UniqueIdentifier>
      <Extensions>cpp;c;cc;cxx;c++;cppm;ixx;def;odl;idl;hpj;bat;asm;asmx</Extensions>
    </Filter>
    <Filter Include="Header Files">
      <UniqueIdentifier>{93995380-89BD-4b04-88EB-625FBE52EBFB}</UniqueIdentifier>
      <Extensions>h;hh;hpp;hxx;h++;hm;inl;inc;ipp;xsd</Extensions>
    </Filter>
    <Filter Include="Resource Files">
      <UniqueIdentifier>{67DA6AB6-F800-4c08-8B7A-83BB121AAD01}</UniqueIdentifier>
      <Extensions>rc;ico;cur;bmp;dlg;rc2;rct;bin;rgs;gif;jpg;jpeg;jpe;resx;tiff;tif;png;wav;mfcribbon-ms</Extensions>
    </Filter>
    <Filter Include="Shader Files">
      <UniqueIdentifier>{d8f8926d-8bec-44b4-951a-1b70dd510a0a}</UniqueIdentifier>
    </Filter>
    <Filter Include="Function Files">
      <UniqueIdentifier>{8657bd9b-d2e7-497c-a5f2-a528080f35b8}</UniqueIdentifier>
    </Filter>
  </ItemGroup>
  <ItemGroup>
    <ClCompile Include="src\glad.c">
      <Filter>Source Files</Filter>
    </ClCompile>
    <ClCompile Include="src\quickgl.cpp">
      <Filter>Source Files</Filter>
    </ClCompile>
    <ClCompile Include="src\main.cpp">
      <Filter>Source Files</Filter>
    </ClCompile>
    <ClCompile Include="cparse\containers.cpp">
      <Filter>Source Files</Filter>
    </ClCompile>
    <ClCompile Include="cparse\functions.cpp">
      <Filter>Source Files</Filter>
    </ClCompile>
    <ClCompile Include="cparse\packToken.cpp">
      <Filter>Source Files</Filter>
    </ClCompile>
    <ClCompile Include="cparse\shunting-yard.cpp">
      <Filter>Source Files</Filter>
    </ClCompile>
    <ClCompile Include="src\osdialog_win.c">
      <Filter>Source Files</Filter>
    </ClCompile>
    <ClCompile Include="src\osdialog.c">
      <Filter>Source Files</Filter>
    </ClCompile>
    <ClCompile Include="src\text.cpp">
      <Filter>Source Files</Filter>
    </ClCompile>
    <ClCompile Include="src\sism.cpp">
      <Filter>Source Files</Filter>
    </ClCompile>
    <ClCompile Include="src\glslCode.cpp">
      <Filter>Source Files</Filter>
    </ClCompile>
    <ClCompile Include="src\space.cpp">
      <Filter>Source Files</Filter>
    </ClCompile>
    <ClCompile Include="src\functionReader.cpp">
      <Filter>Source Files</Filter>
    </ClCompile>
    <ClCompile Include="src\logo.cpp">
      <Filter>Source Files</Filter>
    </ClCompile>
    <ClCompile Include="src\glutils.cpp">
      <Filter>Source Files</Filter>
    </ClCompile>
  </ItemGroup>
  <ItemGroup>
    <ClInclude Include="include\camera.hpp">
      <Filter>Resource Files</Filter>
    </ClInclude>
    <ClInclude Include="include\quickgl.hpp">
      <Filter>Resource Files</Filter>
    </ClInclude>
    <ClInclude Include="include\functionReader.hpp">
      <Filter>Resource Files</Filter>
    </ClInclude>
    <ClInclude Include="include\osdialog.h">
      <Filter>Resource Files</Filter>
    </ClInclude>
    <ClInclude Include="src\sism.hpp">
      <Filter>Resource Files</Filter>
    </ClInclude>
    <ClInclude Include="include\text.h">
      <Filter>Resource Files</Filter>
    </ClInclude>
    <ClInclude Include="include\shader_m.h">
      <Filter>Resource Files</Filter>
    </ClInclude>
    <ClInclude Include="include\debug.hpp">
      <Filter>Resource Files</Filter>
    </ClInclude>
    <ClInclude Include="include\filesys.hpp">
      <Filter>Resource Files</Filter>
    </ClInclude>
    <ClInclude Include="include\glslCode.hpp">
      <Filter>Resource Files</Filter>
    </ClInclude>
    <ClInclude Include="include\stb_image.h">
      <Filter>Resource Files</Filter>
    </ClInclude>
    <ClInclude Include="include\logo.hpp">
      <Filter>Resource Files</Filter>
    </ClInclude>
    <ClInclude Include="include\space.hpp">
      <Filter>Resource Files</Filter>
    </ClInclude>
    <ClInclude Include="cparse\shunting-yard.h">
      <Filter>Resource Files</Filter>
    </ClInclude>
    <ClInclude Include="include\glutils.hpp">
      <Filter>Resource Files</Filter>
    </ClInclude>
    <ClInclude Include="include\cookbookogl.hpp">
      <Filter>Resource Files</Filter>
    </ClInclude>
  </ItemGroup>
  <ItemGroup>
    <None Include="bin\shaders\font_fs.glsl">
      <Filter>Shader Files</Filter>
    </None>
    <None Include="bin\shaders\font_vs.glsl">
      <Filter>Shader Files</Filter>
    </None>
    <None Include="bin\shaders\lighting_fs.glsl">
      <Filter>Shader Files</Filter>
    </None>
    <None Include="bin\shaders\lighting_vs.glsl">
      <Filter>Shader Files</Filter>
    </None>
    <None Include="bin\shaders\logo_fs.glsl">
      <Filter>Shader Files</Filter>
    </None>
    <None Include="bin\shaders\logo_vs.glsl">
      <Filter>Shader Files</Filter>
    </None>
    <None Include="bin\shaders\pisurf_fs.glsl">
      <Filter>Shader Files</Filter>
    </None>
    <None Include="bin\shaders\pisurf_vs.glsl">
      <Filter>Shader Files</Filter>
    </None>
    <None Include="bin\shaders\surf_fs.glsl">
      <Filter>Shader Files</Filter>
    </None>
    <None Include="bin\shaders\surf_vs.glsl">
      <Filter>Shader Files</Filter>
    </None>
    <None Include="bin\funcs\1.function">
      <Filter>Function Files</Filter>
    </None>
    <None Include="bin\shaders\raymarch_fs.glsl">
      <Filter>Shader Files</Filter>
    </None>
  </ItemGroup>
</Project>